
Microsoft Visual Studio Solution File, Format Version 12.00
# Visual Studio Version 16
VisualStudioVersion = 16.0.31205.134
MinimumVisualStudioVersion = 10.0.40219.1
Project("{9A19103F-16F7-4668-BE54-9A1E7A4F7556}") = "TechnologyPractice", "TechnologyPractice\TechnologyPractice.csproj", "{E08143E6-54D8-49BA-9E88-B4607CD02977}"
EndProject
Project("{9A19103F-16F7-4668-BE54-9A1E7A4F7556}") = "Contracts", "Contracts\Contracts.csproj", "{BEE4AB53-BA81-422D-BDBC-FD7B95D62B20}"
EndProject
Project("{9A19103F-16F7-4668-BE54-9A1E7A4F7556}") = "LoggerService", "LoggerService\LoggerService.csproj", "{3FC384C9-ECDC-492B-B27C-E7980412F06C}"
EndProject
Project("{9A19103F-16F7-4668-BE54-9A1E7A4F7556}") = "Entities", "Entities\Entities.csproj", "{235285AD-0492-48C1-A00E-F648E92161B9}"
EndProject
Project("{9A19103F-16F7-4668-BE54-9A1E7A4F7556}") = "Repository", "Repository\Repository.csproj", "{8177AFE6-358F-4F29-B5B9-0138D972B28F}"
EndProject
Project("{9A19103F-16F7-4668-BE54-9A1E7A4F7556}") = "EmailService", "MailService\EmailService.csproj", "{9F93128E-6627-4641-9662-648BE3026AD1}"
EndProject
Project("{FAE04EC0-301F-11D3-BF4B-00C04F79EFBC}") = "TestTechnologyPractice", "TestTechnologyPractice\TestTechnologyPractice.csproj", "{1E31DFDE-3DF1-4A7F-81EE-8E8B28FEBDD6}"
EndProject
Global
	GlobalSection(SolutionConfigurationPlatforms) = preSolution
		Debug|Any CPU = Debug|Any CPU
		Release|Any CPU = Release|Any CPU
	EndGlobalSection
	GlobalSection(ProjectConfigurationPlatforms) = postSolution
		{E08143E6-54D8-49BA-9E88-B4607CD02977}.Debug|Any CPU.ActiveCfg = Debug|Any CPU
		{E08143E6-54D8-49BA-9E88-B4607CD02977}.Debug|Any CPU.Build.0 = Debug|Any CPU
		{E08143E6-54D8-49BA-9E88-B4607CD02977}.Release|Any CPU.ActiveCfg = Release|Any CPU
		{E08143E6-54D8-49BA-9E88-B4607CD02977}.Release|Any CPU.Build.0 = Release|Any CPU
		{BEE4AB53-BA81-422D-BDBC-FD7B95D62B20}.Debug|Any CPU.ActiveCfg = Debug|Any CPU
		{BEE4AB53-BA81-422D-BDBC-FD7B95D62B20}.Debug|Any CPU.Build.0 = Debug|Any CPU
		{BEE4AB53-BA81-422D-BDBC-FD7B95D62B20}.Release|Any CPU.ActiveCfg = Release|Any CPU
		{BEE4AB53-BA81-422D-BDBC-FD7B95D62B20}.Release|Any CPU.Build.0 = Release|Any CPU
		{3FC384C9-ECDC-492B-B27C-E7980412F06C}.Debug|Any CPU.ActiveCfg = Debug|Any CPU
		{3FC384C9-ECDC-492B-B27C-E7980412F06C}.Debug|Any CPU.Build.0 = Debug|Any CPU
		{3FC384C9-ECDC-492B-B27C-E7980412F06C}.Release|Any CPU.ActiveCfg = Release|Any CPU
		{3FC384C9-ECDC-492B-B27C-E7980412F06C}.Release|Any CPU.Build.0 = Release|Any CPU
		{235285AD-0492-48C1-A00E-F648E92161B9}.Debug|Any CPU.ActiveCfg = Debug|Any CPU
		{235285AD-0492-48C1-A00E-F648E92161B9}.Debug|Any CPU.Build.0 = Debug|Any CPU
		{235285AD-0492-48C1-A00E-F648E92161B9}.Release|Any CPU.ActiveCfg = Release|Any CPU
		{235285AD-0492-48C1-A00E-F648E92161B9}.Release|Any CPU.Build.0 = Release|Any CPU
		{8177AFE6-358F-4F29-B5B9-0138D972B28F}.Debug|Any CPU.ActiveCfg = Debug|Any CPU
		{8177AFE6-358F-4F29-B5B9-0138D972B28F}.Debug|Any CPU.Build.0 = Debug|Any CPU
		{8177AFE6-358F-4F29-B5B9-0138D972B28F}.Release|Any CPU.ActiveCfg = Release|Any CPU
		{8177AFE6-358F-4F29-B5B9-0138D972B28F}.Release|Any CPU.Build.0 = Release|Any CPU
		{9F93128E-6627-4641-9662-648BE3026AD1}.Debug|Any CPU.ActiveCfg = Debug|Any CPU
		{9F93128E-6627-4641-9662-648BE3026AD1}.Debug|Any CPU.Build.0 = Debug|Any CPU
		{9F93128E-6627-4641-9662-648BE3026AD1}.Release|Any CPU.ActiveCfg = Release|Any CPU
		{9F93128E-6627-4641-9662-648BE3026AD1}.Release|Any CPU.Build.0 = Release|Any CPU
		{1E31DFDE-3DF1-4A7F-81EE-8E8B28FEBDD6}.Debug|Any CPU.ActiveCfg = Debug|Any CPU
		{1E31DFDE-3DF1-4A7F-81EE-8E8B28FEBDD6}.Debug|Any CPU.Build.0 = Debug|Any CPU
		{1E31DFDE-3DF1-4A7F-81EE-8E8B28FEBDD6}.Release|Any CPU.ActiveCfg = Release|Any CPU
		{1E31DFDE-3DF1-4A7F-81EE-8E8B28FEBDD6}.Release|Any CPU.Build.0 = Release|Any CPU
	EndGlobalSection
	GlobalSection(SolutionProperties) = preSolution
		HideSolutionNode = FALSE
	EndGlobalSection
	GlobalSection(ExtensibilityGlobals) = postSolution
		SolutionGuid = {7AD928E6-92C8-45C9-8083-F34E186F23F3}
	EndGlobalSection
EndGlobal
